
Microsoft Visual Studio Solution File, Format Version 12.00
# Visual Studio Version 17
VisualStudioVersion = 17.14.36301.6 d17.14
MinimumVisualStudioVersion = 10.0.40219.1
Project("{FAE04EC0-301F-11D3-BF4B-00C04F79EFBC}") = "cs_linq", "cs_linq.csproj", "{3E48911E-8895-4C90-B389-4709E28DB268}"
EndProject
Global
	GlobalSection(SolutionConfigurationPlatforms) = preSolution
		Debug|Any CPU = Debug|Any CPU
		Release|Any CPU = Release|Any CPU
	EndGlobalSection
	GlobalSection(ProjectConfigurationPlatforms) = postSolution
		{3E48911E-8895-4C90-B389-4709E28DB268}.Debug|Any CPU.ActiveCfg = Debug|Any CPU
		{3E48911E-8895-4C90-B389-4709E28DB268}.Debug|Any CPU.Build.0 = Debug|Any CPU
		{3E48911E-8895-4C90-B389-4709E28DB268}.Release|Any CPU.ActiveCfg = Release|Any CPU
		{3E48911E-8895-4C90-B389-4709E28DB268}.Release|Any CPU.Build.0 = Release|Any CPU
	EndGlobalSection
	GlobalSection(SolutionProperties) = preSolution
		HideSolutionNode = FALSE
	EndGlobalSection
	GlobalSection(ExtensibilityGlobals) = postSolution
		SolutionGuid = {3F33ED45-24C4-4AD3-BBBA-99BDBFAD78FA}
	EndGlobalSection
EndGlobal
